
Microsoft Visual Studio Solution File, Format Version 12.00
# Visual Studio Version 17
VisualStudioVersion = 17.3.32901.215
MinimumVisualStudioVersion = 10.0.40219.1
Project("{FAE04EC0-301F-11D3-BF4B-00C04F79EFBC}") = "LINQ-EXAMPLE-2", "LINQ-EXAMPLE-2\LINQ-EXAMPLE-2.csproj", "{720AA06D-648A-47CF-82E8-624968C7559B}"
EndProject
Global
	GlobalSection(SolutionConfigurationPlatforms) = preSolution
		Debug|Any CPU = Debug|Any CPU
		Release|Any CPU = Release|Any CPU
	EndGlobalSection
	GlobalSection(ProjectConfigurationPlatforms) = postSolution
		{720AA06D-648A-47CF-82E8-624968C7559B}.Debug|Any CPU.ActiveCfg = Debug|Any CPU
		{720AA06D-648A-47CF-82E8-624968C7559B}.Debug|Any CPU.Build.0 = Debug|Any CPU
		{720AA06D-648A-47CF-82E8-624968C7559B}.Release|Any CPU.ActiveCfg = Release|Any CPU
		{720AA06D-648A-47CF-82E8-624968C7559B}.Release|Any CPU.Build.0 = Release|Any CPU
	EndGlobalSection
	GlobalSection(SolutionProperties) = preSolution
		HideSolutionNode = FALSE
	EndGlobalSection
	GlobalSection(ExtensibilityGlobals) = postSolution
		SolutionGuid = {F6DDCD3C-A66D-4E73-ABA8-288DD3E20C0D}
	EndGlobalSection
EndGlobal
